
Microsoft Visual Studio Solution File, Format Version 12.00
# Visual Studio Version 16
VisualStudioVersion = 16.0.30011.22
MinimumVisualStudioVersion = 10.0.40219.1
Project("{FAE04EC0-301F-11D3-BF4B-00C04F79EFBC}") = "Tasks1_1_1", "Tasks1\Tasks1_1_1.csproj", "{D29517FB-141D-4B19-A640-DC9247606F7E}"
EndProject
Project("{FAE04EC0-301F-11D3-BF4B-00C04F79EFBC}") = "Task1_1_2", "Task1.1.2\Task1_1_2.csproj", "{20FAAE3A-8E78-4FC1-84AB-F3221FABA2C5}"
EndProject
Project("{FAE04EC0-301F-11D3-BF4B-00C04F79EFBC}") = "Task1_1_3", "Task1_1_3\Task1_1_3.csproj", "{F3A6A393-0FEC-4BB4-81D4-F5162E10E8F8}"
EndProject
Project("{FAE04EC0-301F-11D3-BF4B-00C04F79EFBC}") = "Task1_1_4", "Task1_1_4\Task1_1_4.csproj", "{C839DD02-50D4-4E1D-834F-C79986454060}"
EndProject
Project("{FAE04EC0-301F-11D3-BF4B-00C04F79EFBC}") = "Task1_1_5", "Task1_1_5\Task1_1_5.csproj", "{DC0BEB1A-644E-4E52-9298-642DCCF596A8}"
EndProject
Project("{FAE04EC0-301F-11D3-BF4B-00C04F79EFBC}") = "Task1_1_7", "Task1_1_7\Task1_1_7.csproj", "{0E002449-FD1D-4248-9E43-DE11714EC739}"
EndProject
Project("{FAE04EC0-301F-11D3-BF4B-00C04F79EFBC}") = "Task1_1_8", "Task1_1_8\Task1_1_8.csproj", "{1CE9741F-E5B9-4657-9211-E079DEDDC7D1}"
EndProject
Project("{FAE04EC0-301F-11D3-BF4B-00C04F79EFBC}") = "Task1_1_9", "Task1_1_9\Task1_1_9.csproj", "{71B64FCB-AA85-4849-9428-B03AD82D012F}"
EndProject
Project("{FAE04EC0-301F-11D3-BF4B-00C04F79EFBC}") = "Task1_1_10", "Task1_1_10\Task1_1_10.csproj", "{79D9F881-30B8-4D61-AF38-AFE7370C9FAB}"
EndProject
Project("{FAE04EC0-301F-11D3-BF4B-00C04F79EFBC}") = "Task1_1_6", "Task1_1_6\Task1_1_6.csproj", "{9E6395D7-BA3E-4C8E-9B88-F0DA283A6A3E}"
EndProject
Project("{FAE04EC0-301F-11D3-BF4B-00C04F79EFBC}") = "Task1_2_1", "Task1_2_1\Task1_2_1.csproj", "{AAED73AF-B9D0-4A99-9FE4-5337B3D01055}"
EndProject
Project("{FAE04EC0-301F-11D3-BF4B-00C04F79EFBC}") = "Task1_2_2", "Task1_2_2\Task1_2_2.csproj", "{426FE918-3F25-45FA-8FC7-3AA72E6328F3}"
EndProject
Project("{FAE04EC0-301F-11D3-BF4B-00C04F79EFBC}") = "Task1_2_3", "Task1_2_3\Task1_2_3.csproj", "{5EDC6F81-43F8-4FE6-8F2E-884452FF2EE8}"
EndProject
Global
	GlobalSection(SolutionConfigurationPlatforms) = preSolution
		Debug|Any CPU = Debug|Any CPU
		Release|Any CPU = Release|Any CPU
	EndGlobalSection
	GlobalSection(ProjectConfigurationPlatforms) = postSolution
		{D29517FB-141D-4B19-A640-DC9247606F7E}.Debug|Any CPU.ActiveCfg = Debug|Any CPU
		{D29517FB-141D-4B19-A640-DC9247606F7E}.Debug|Any CPU.Build.0 = Debug|Any CPU
		{D29517FB-141D-4B19-A640-DC9247606F7E}.Release|Any CPU.ActiveCfg = Release|Any CPU
		{D29517FB-141D-4B19-A640-DC9247606F7E}.Release|Any CPU.Build.0 = Release|Any CPU
		{20FAAE3A-8E78-4FC1-84AB-F3221FABA2C5}.Debug|Any CPU.ActiveCfg = Debug|Any CPU
		{20FAAE3A-8E78-4FC1-84AB-F3221FABA2C5}.Debug|Any CPU.Build.0 = Debug|Any CPU
		{20FAAE3A-8E78-4FC1-84AB-F3221FABA2C5}.Release|Any CPU.ActiveCfg = Release|Any CPU
		{20FAAE3A-8E78-4FC1-84AB-F3221FABA2C5}.Release|Any CPU.Build.0 = Release|Any CPU
		{F3A6A393-0FEC-4BB4-81D4-F5162E10E8F8}.Debug|Any CPU.ActiveCfg = Debug|Any CPU
		{F3A6A393-0FEC-4BB4-81D4-F5162E10E8F8}.Debug|Any CPU.Build.0 = Debug|Any CPU
		{F3A6A393-0FEC-4BB4-81D4-F5162E10E8F8}.Release|Any CPU.ActiveCfg = Release|Any CPU
		{F3A6A393-0FEC-4BB4-81D4-F5162E10E8F8}.Release|Any CPU.Build.0 = Release|Any CPU
		{C839DD02-50D4-4E1D-834F-C79986454060}.Debug|Any CPU.ActiveCfg = Debug|Any CPU
		{C839DD02-50D4-4E1D-834F-C79986454060}.Debug|Any CPU.Build.0 = Debug|Any CPU
		{C839DD02-50D4-4E1D-834F-C79986454060}.Release|Any CPU.ActiveCfg = Release|Any CPU
		{C839DD02-50D4-4E1D-834F-C79986454060}.Release|Any CPU.Build.0 = Release|Any CPU
		{DC0BEB1A-644E-4E52-9298-642DCCF596A8}.Debug|Any CPU.ActiveCfg = Debug|Any CPU
		{DC0BEB1A-644E-4E52-9298-642DCCF596A8}.Debug|Any CPU.Build.0 = Debug|Any CPU
		{DC0BEB1A-644E-4E52-9298-642DCCF596A8}.Release|Any CPU.ActiveCfg = Release|Any CPU
		{DC0BEB1A-644E-4E52-9298-642DCCF596A8}.Release|Any CPU.Build.0 = Release|Any CPU
		{0E002449-FD1D-4248-9E43-DE11714EC739}.Debug|Any CPU.ActiveCfg = Debug|Any CPU
		{0E002449-FD1D-4248-9E43-DE11714EC739}.Debug|Any CPU.Build.0 = Debug|Any CPU
		{0E002449-FD1D-4248-9E43-DE11714EC739}.Release|Any CPU.ActiveCfg = Release|Any CPU
		{0E002449-FD1D-4248-9E43-DE11714EC739}.Release|Any CPU.Build.0 = Release|Any CPU
		{1CE9741F-E5B9-4657-9211-E079DEDDC7D1}.Debug|Any CPU.ActiveCfg = Debug|Any CPU
		{1CE9741F-E5B9-4657-9211-E079DEDDC7D1}.Debug|Any CPU.Build.0 = Debug|Any CPU
		{1CE9741F-E5B9-4657-9211-E079DEDDC7D1}.Release|Any CPU.ActiveCfg = Release|Any CPU
		{1CE9741F-E5B9-4657-9211-E079DEDDC7D1}.Release|Any CPU.Build.0 = Release|Any CPU
		{71B64FCB-AA85-4849-9428-B03AD82D012F}.Debug|Any CPU.ActiveCfg = Debug|Any CPU
		{71B64FCB-AA85-4849-9428-B03AD82D012F}.Debug|Any CPU.Build.0 = Debug|Any CPU
		{71B64FCB-AA85-4849-9428-B03AD82D012F}.Release|Any CPU.ActiveCfg = Release|Any CPU
		{71B64FCB-AA85-4849-9428-B03AD82D012F}.Release|Any CPU.Build.0 = Release|Any CPU
		{79D9F881-30B8-4D61-AF38-AFE7370C9FAB}.Debug|Any CPU.ActiveCfg = Debug|Any CPU
		{79D9F881-30B8-4D61-AF38-AFE7370C9FAB}.Debug|Any CPU.Build.0 = Debug|Any CPU
		{79D9F881-30B8-4D61-AF38-AFE7370C9FAB}.Release|Any CPU.ActiveCfg = Release|Any CPU
		{79D9F881-30B8-4D61-AF38-AFE7370C9FAB}.Release|Any CPU.Build.0 = Release|Any CPU
		{9E6395D7-BA3E-4C8E-9B88-F0DA283A6A3E}.Debug|Any CPU.ActiveCfg = Debug|Any CPU
		{9E6395D7-BA3E-4C8E-9B88-F0DA283A6A3E}.Debug|Any CPU.Build.0 = Debug|Any CPU
		{9E6395D7-BA3E-4C8E-9B88-F0DA283A6A3E}.Release|Any CPU.ActiveCfg = Release|Any CPU
		{9E6395D7-BA3E-4C8E-9B88-F0DA283A6A3E}.Release|Any CPU.Build.0 = Release|Any CPU
		{AAED73AF-B9D0-4A99-9FE4-5337B3D01055}.Debug|Any CPU.ActiveCfg = Debug|Any CPU
		{AAED73AF-B9D0-4A99-9FE4-5337B3D01055}.Debug|Any CPU.Build.0 = Debug|Any CPU
		{AAED73AF-B9D0-4A99-9FE4-5337B3D01055}.Release|Any CPU.ActiveCfg = Release|Any CPU
		{AAED73AF-B9D0-4A99-9FE4-5337B3D01055}.Release|Any CPU.Build.0 = Release|Any CPU
		{426FE918-3F25-45FA-8FC7-3AA72E6328F3}.Debug|Any CPU.ActiveCfg = Debug|Any CPU
		{426FE918-3F25-45FA-8FC7-3AA72E6328F3}.Debug|Any CPU.Build.0 = Debug|Any CPU
		{426FE918-3F25-45FA-8FC7-3AA72E6328F3}.Release|Any CPU.ActiveCfg = Release|Any CPU
		{426FE918-3F25-45FA-8FC7-3AA72E6328F3}.Release|Any CPU.Build.0 = Release|Any CPU
		{5EDC6F81-43F8-4FE6-8F2E-884452FF2EE8}.Debug|Any CPU.ActiveCfg = Debug|Any CPU
		{5EDC6F81-43F8-4FE6-8F2E-884452FF2EE8}.Debug|Any CPU.Build.0 = Debug|Any CPU
		{5EDC6F81-43F8-4FE6-8F2E-884452FF2EE8}.Release|Any CPU.ActiveCfg = Release|Any CPU
		{5EDC6F81-43F8-4FE6-8F2E-884452FF2EE8}.Release|Any CPU.Build.0 = Release|Any CPU
	EndGlobalSection
	GlobalSection(SolutionProperties) = preSolution
		HideSolutionNode = FALSE
	EndGlobalSection
	GlobalSection(ExtensibilityGlobals) = postSolution
		SolutionGuid = {0E75C4C4-82F0-484E-ABFE-AAFE3F4AA4BE}
	EndGlobalSection
EndGlobal
